
Microsoft Visual Studio Solution File, Format Version 12.00
# Visual Studio Version 16
VisualStudioVersion = 16.0.31205.134
MinimumVisualStudioVersion = 10.0.40219.1
Project("{9A19103F-16F7-4668-BE54-9A1E7A4F7556}") = "PromotionEngine", "PromotionEngine\PromotionEngine.csproj", "{F7E7E808-BE81-4DB8-B478-4459A7520F16}"
EndProject
Project("{FAE04EC0-301F-11D3-BF4B-00C04F79EFBC}") = "PromotionEngine.Tests", "PromotionEngine.Tests\PromotionEngine.Tests.csproj", "{5BD708D3-DF38-4A2D-9BEF-F77209D25514}"
EndProject
Global
	GlobalSection(SolutionConfigurationPlatforms) = preSolution
		Debug|Any CPU = Debug|Any CPU
		Release|Any CPU = Release|Any CPU
	EndGlobalSection
	GlobalSection(ProjectConfigurationPlatforms) = postSolution
		{F7E7E808-BE81-4DB8-B478-4459A7520F16}.Debug|Any CPU.ActiveCfg = Debug|Any CPU
		{F7E7E808-BE81-4DB8-B478-4459A7520F16}.Debug|Any CPU.Build.0 = Debug|Any CPU
		{F7E7E808-BE81-4DB8-B478-4459A7520F16}.Release|Any CPU.ActiveCfg = Release|Any CPU
		{F7E7E808-BE81-4DB8-B478-4459A7520F16}.Release|Any CPU.Build.0 = Release|Any CPU
		{5BD708D3-DF38-4A2D-9BEF-F77209D25514}.Debug|Any CPU.ActiveCfg = Debug|Any CPU
		{5BD708D3-DF38-4A2D-9BEF-F77209D25514}.Debug|Any CPU.Build.0 = Debug|Any CPU
		{5BD708D3-DF38-4A2D-9BEF-F77209D25514}.Release|Any CPU.ActiveCfg = Release|Any CPU
		{5BD708D3-DF38-4A2D-9BEF-F77209D25514}.Release|Any CPU.Build.0 = Release|Any CPU
	EndGlobalSection
	GlobalSection(SolutionProperties) = preSolution
		HideSolutionNode = FALSE
	EndGlobalSection
	GlobalSection(ExtensibilityGlobals) = postSolution
		SolutionGuid = {DAD54700-F6E6-402E-AF85-4B711CA5740B}
	EndGlobalSection
EndGlobal
